lockfileVersion: '9.0'

settings:
  autoInstallPeers: true
  excludeLinksFromLockfile: false

importers:

  .:
    dependencies:
      alpinejs:
        specifier: ^3.15.8
        version: 3.15.8
    devDependencies:
      '@tailwindcss/forms':
        specifier: ^0.5.11
        version: 0.5.11(tailwindcss@4.2.1)
      '@tailwindcss/typography':
        specifier: ^0.5.19
        version: 0.5.19(tailwindcss@4.2.1)
      tailwindcss:
        specifier: ^4.2.1
        version: 4.2.1

packages:

  '@tailwindcss/forms@0.5.11':
    resolution: {integrity: sha512-h9wegbZDPurxG22xZSoWtdzc41/OlNEUQERNqI/0fOwa2aVlWGu7C35E/x6LDyD3lgtztFSSjKZyuVM0hxhbgA==}
    peerDependencies:
      tailwindcss: '>=3.0.0 || >= 3.0.0-alpha.1 || >= 4.0.0-alpha.20 || >= 4.0.0-beta.1'

  '@tailwindcss/typography@0.5.19':
    resolution: {integrity: sha512-w31dd8HOx3k9vPtcQh5QHP9GwKcgbMp87j58qi6xgiBnFFtKEAgCWnDw4qUT8aHwkCp8bKvb/KGKWWHedP0AAg==}
    peerDependencies:
      tailwindcss: '>=3.0.0 || insiders || >=4.0.0-alpha.20 || >=4.0.0-beta.1'

  '@vue/reactivity@3.1.5':
    resolution: {integrity: sha512-1tdfLmNjWG6t/CsPldh+foumYFo3cpyCHgBYQ34ylaMsJ+SNHQ1kApMIa8jN+i593zQuaw3AdWH0nJTARzCFhg==}

  '@vue/shared@3.1.5':
    resolution: {integrity: sha512-oJ4F3TnvpXaQwZJNF3ZK+kLPHKarDmJjJ6jyzVNDKH9md1dptjC7lWR//jrGuLdek/U6iltWxqAnYOu8gCiOvA==}

  alpinejs@3.15.8:
    resolution: {integrity: sha512-zxIfCRTBGvF1CCLIOMQOxAyBuqibxSEwS6Jm1a3HGA9rgrJVcjEWlwLcQTVGAWGS8YhAsTRLVrtQ5a5QT9bSSQ==}

  cssesc@3.0.0:
    resolution: {integrity: sha512-/Tb/JcjK111nNScGob5MNtsntNM1aCNUDipB/TkwZFhyDrrE47SOx/18wF2bbjgc3ZzCSKW1T5nt5EbFoAz/Vg==}
    engines: {node: '>=4'}
    hasBin: true

  mini-svg-data-uri@1.4.4:
    resolution: {integrity: sha512-r9deDe9p5FJUPZAk3A59wGH7Ii9YrjjWw0jmw/liSbHl2CHiyXj6FcDXDu2K3TjVAXqiJdaw3xxwlZZr9E6nHg==}
    hasBin: true

  postcss-selector-parser@6.0.10:
    resolution: {integrity: sha512-IQ7TZdoaqbT+LCpShg46jnZVlhWD2w6iQYAcYXfHARZ7X1t/UGhhceQDs5X0cGqKvYlHNOuv7Oa1xmb0oQuA3w==}
    engines: {node: '>=4'}

  tailwindcss@4.2.1:
    resolution: {integrity: sha512-/tBrSQ36vCleJkAOsy9kbNTgaxvGbyOamC30PRePTQe/o1MFwEKHQk4Cn7BNGaPtjp+PuUrByJehM1hgxfq4sw==}

  util-deprecate@1.0.2:
    resolution: {integrity: sha512-EPD5q1uXyFxJpCrLnCc1nHnq3gOa6DZBocAIiI2TaSCA7VCJ1UJDMagCzIkXNsUYfD1daK//LTEQ8xiIbrHtcw==}

snapshots:

  '@tailwindcss/forms@0.5.11(tailwindcss@4.2.1)':
    dependencies:
      mini-svg-data-uri: 1.4.4
      tailwindcss: 4.2.1

  '@tailwindcss/typography@0.5.19(tailwindcss@4.2.1)':
    dependencies:
      postcss-selector-parser: 6.0.10
      tailwindcss: 4.2.1

  '@vue/reactivity@3.1.5':
    dependencies:
      '@vue/shared': 3.1.5

  '@vue/shared@3.1.5': {}

  alpinejs@3.15.8:
    dependencies:
      '@vue/reactivity': 3.1.5

  cssesc@3.0.0: {}

  mini-svg-data-uri@1.4.4: {}

  postcss-selector-parser@6.0.10:
    dependencies:
      cssesc: 3.0.0
      util-deprecate: 1.0.2

  tailwindcss@4.2.1: {}

  util-deprecate@1.0.2: {}
